<?xml version="1.0" encoding="UTF-8"?>
<Scheme
   version = "1.3">
   <BuildAction>
      <BuildActionEntries>
         <BuildActionEntry
            buildForRunning = "YES">
            <BuildableReference
               BuildableIdentifier = "primary"
               BlueprintIdentifier = "309320271DDC12AD00EBA0AC"
               BuildableName = "GooglyPuff.app"
               BlueprintName = "GooglyPuff"
               ReferencedContainer = "container:GooglyPuff.xcodeproj">
            </BuildableReference>
         </BuildActionEntry>
      </BuildActionEntries>
   </BuildAction>
   <LaunchAction
      useCustomWorkingDirectory = "NO"
      buildConfiguration = "Debug"
      allowLocationSimulation = "YES">
      <BuildableProductRunnable>
         <BuildableReference
            BuildableIdentifier = "primary"
            BlueprintIdentifier = "309320271DDC12AD00EBA0AC"
            BuildableName = "GooglyPuff.app"
            BlueprintName = "GooglyPuff"
            ReferencedContainer = "container:GooglyPuff.xcodeproj">
         </BuildableReference>
      </BuildableProductRunnable>
   </LaunchAction>
</Scheme>
